
Microsoft Visual Studio Solution File, Format Version 12.00
# Visual Studio Version 17
VisualStudioVersion = 17.0.32014.148
MinimumVisualStudioVersion = 10.0.40219.1
Project("{2150E333-8FDC-42A3-9474-1A3956D46DE8}") = "Services", "Services", "{760C65C2-E3A0-4E84-AEC2-FA5BBF017953}"
EndProject
Project("{2150E333-8FDC-42A3-9474-1A3956D46DE8}") = "CompetencyFramework", "CompetencyFramework", "{CB8F45C3-4316-4465-A123-F5C2FA1D612B}"
EndProject
Project("{9A19103F-16F7-4668-BE54-9A1E7A4F7556}") = "CompetencyFramework.API", "Services\CompetencyFramework\CompetencyFramework.API\CompetencyFramework.API.csproj", "{DF18FF3A-7249-4CA7-9983-7B73358D27E0}"
EndProject
Project("{9A19103F-16F7-4668-BE54-9A1E7A4F7556}") = "CompetencyFramework.Infrastructure", "Services\CompetencyFramework\CompetencyFramework.Infrastructure\CompetencyFramework.Infrastructure.csproj", "{E8CE77B3-E68C-4CEC-9AB1-B6ABCAF30115}"
EndProject
Project("{9A19103F-16F7-4668-BE54-9A1E7A4F7556}") = "CompetencyFramework.Application", "Services\CompetencyFramework\CompetencyFramework.Application\CompetencyFramework.Application.csproj", "{2C23E75C-3E49-4596-A9A2-54ECF0C5CD27}"
EndProject
Project("{9A19103F-16F7-4668-BE54-9A1E7A4F7556}") = "CompetencyFramework.Domain", "Services\CompetencyFramework\CompetencyFramework.Domain\CompetencyFramework.Domain.csproj", "{B3A4A60D-AB0B-44D5-96B4-24E68F0A75B4}"
EndProject
Project("{2150E333-8FDC-42A3-9474-1A3956D46DE8}") = "BuildingBlocks", "BuildingBlocks", "{5A91CA99-4A76-437A-8805-A18CE3C6CBCE}"
EndProject
Project("{9A19103F-16F7-4668-BE54-9A1E7A4F7556}") = "Common.Logging", "BuildingBlocks\Common.Logging\Common.Logging.csproj", "{8B21B9D7-F828-436A-82B8-7A1F1C7C6F40}"
EndProject
Project("{9A19103F-16F7-4668-BE54-9A1E7A4F7556}") = "EventBus.Messages", "BuildingBlocks\EventBus.Messages\EventBus.Messages.csproj", "{8811A659-8E9B-417F-97F0-616D15251049}"
EndProject
Project("{2150E333-8FDC-42A3-9474-1A3956D46DE8}") = "UserManagement", "UserManagement", "{61727912-65FD-4FB7-8ABB-401F9E511C2C}"
EndProject
Project("{9A19103F-16F7-4668-BE54-9A1E7A4F7556}") = "UserManagement.API", "Services\UserManagement\UserManagement.API\UserManagement.API.csproj", "{6AE4219D-26C5-4FF0-A310-7D742063679B}"
EndProject
Project("{9A19103F-16F7-4668-BE54-9A1E7A4F7556}") = "UserManagement.Application", "Services\UserManagement\UserManagement.Application\UserManagement.Application.csproj", "{DD4E73D5-87AF-4090-9A89-46B8E6B1B961}"
EndProject
Project("{9A19103F-16F7-4668-BE54-9A1E7A4F7556}") = "UserManagement.Domain", "Services\UserManagement\UserManagement.Domain\UserManagement.Domain.csproj", "{4FB056B0-0C80-4DDD-A49E-E15145F6976A}"
EndProject
Project("{9A19103F-16F7-4668-BE54-9A1E7A4F7556}") = "UserManagement.Infrastructure", "Services\UserManagement\UserManagement.Infrastructure\UserManagement.Infrastructure.csproj", "{4DB7591B-8058-425A-8666-63C3128B586B}"
EndProject
Project("{9A19103F-16F7-4668-BE54-9A1E7A4F7556}") = "UserManagement.Grpc", "Services\UserManagement\UserManagement.Grpc\UserManagement.Grpc.csproj", "{3BF8C84A-EB0A-43C8-8ECF-78F6345D0AED}"
EndProject
Project("{2150E333-8FDC-42A3-9474-1A3956D46DE8}") = "SurveyManagement", "SurveyManagement", "{2ED9CBB7-4CAD-4459-99CA-3D20B27A4768}"
EndProject
Project("{9A19103F-16F7-4668-BE54-9A1E7A4F7556}") = "SurveyManagement.API", "Services\SurveyManagement\SurveyManagement.API\SurveyManagement.API.csproj", "{F7A20C6D-20D2-4934-8896-3EC21FB65FFB}"
EndProject
Project("{9A19103F-16F7-4668-BE54-9A1E7A4F7556}") = "SurveyManagement.Application", "Services\SurveyManagement\SurveyManagement.Application\SurveyManagement.Application.csproj", "{D232BEAA-E23C-4195-9D84-BD92B7A4C36D}"
EndProject
Project("{9A19103F-16F7-4668-BE54-9A1E7A4F7556}") = "SurveyManagement.Domain", "Services\SurveyManagement\SurveyManagement.Domain\SurveyManagement.Domain.csproj", "{0FE6FB11-7E79-4EA0-AABC-7DD90DCBEAA2}"
EndProject
Project("{9A19103F-16F7-4668-BE54-9A1E7A4F7556}") = "SurveyManagement.Infrastructure", "Services\SurveyManagement\SurveyManagement.Infrastructure\SurveyManagement.Infrastructure.csproj", "{C3398532-3E04-43C9-A6ED-CD84C4920E9C}"
EndProject
Project("{9A19103F-16F7-4668-BE54-9A1E7A4F7556}") = "SurveyManagement.Grpc", "Services\SurveyManagement\SurveyManagement.Grpc\SurveyManagement.Grpc.csproj", "{8E6C5895-6D9E-4854-8623-082EF3948780}"
EndProject
Project("{9A19103F-16F7-4668-BE54-9A1E7A4F7556}") = "CompetencyFramework.Grpc", "Services\CompetencyFramework\CompetencyFramework.Grpc\CompetencyFramework.Grpc.csproj", "{C60B5947-0F25-4A91-84AA-5AB149FAC913}"
EndProject
Project("{2150E333-8FDC-42A3-9474-1A3956D46DE8}") = "ApiGateway", "ApiGateway", "{24B330B8-A714-40EC-8F99-09AAB6506A43}"
EndProject
Project("{2150E333-8FDC-42A3-9474-1A3956D46DE8}") = "CAT.BFF", "CAT.BFF", "{9B74B965-97F6-4EBB-B935-684BA36130CD}"
EndProject
Project("{9A19103F-16F7-4668-BE54-9A1E7A4F7556}") = "CAT.BFF", "ApiGateway\CAT.BFF\CAT.BFF.csproj", "{36282D21-75F5-44F3-82EA-555C61B9019C}"
EndProject
Project("{9A19103F-16F7-4668-BE54-9A1E7A4F7556}") = "SurveyManagement.WorkerService", "Services\SurveyManagement\SurveyManagement.WorkerService\SurveyManagement.WorkerService.csproj", "{B61B90F7-3960-4B06-91DB-44B75F7F0A18}"
EndProject
Project("{9A19103F-16F7-4668-BE54-9A1E7A4F7556}") = "CompetencyFramework.Test", "Services\CompetencyFramework\CompetencyFramework.Test\CompetencyFramework.Test.csproj", "{6E44BF50-BA16-4296-8294-C2C69DBF2618}"
EndProject
Project("{9A19103F-16F7-4668-BE54-9A1E7A4F7556}") = "OcelotApiGateway", "ApiGateway\OcelotApiGateway\OcelotApiGateway.csproj", "{1B89E3B3-4EF9-456A-8578-8211BD3D7E1F}"
EndProject
Project("{2150E333-8FDC-42A3-9474-1A3956D46DE8}") = "UserIdentity", "UserIdentity", "{1439C738-705D-4C4E-95F2-0C9634792946}"
EndProject
Project("{9A19103F-16F7-4668-BE54-9A1E7A4F7556}") = "UserIdentity", "UserIdentity\UserIdentity\UserIdentity.csproj", "{3783AE5E-6751-4E15-A1F0-C235E91D4041}"
EndProject
Project("{FAE04EC0-301F-11D3-BF4B-00C04F79EFBC}") = "UserIdentification", "UserIdentity\UserIdentification\UserIdentification.csproj", "{48625B9A-6A18-47E3-A700-4661EA7A46A5}"
EndProject
Project("{FAE04EC0-301F-11D3-BF4B-00C04F79EFBC}") = "UITokenMgnt", "UserIdentity\UITokenMgnt\UITokenMgnt.csproj", "{7761D0FA-69F0-46D0-B10C-9346D8040926}"
EndProject
Global
	GlobalSection(SolutionConfigurationPlatforms) = preSolution
		Debug|Any CPU = Debug|Any CPU
		Release|Any CPU = Release|Any CPU
	EndGlobalSection
	GlobalSection(ProjectConfigurationPlatforms) = postSolution
		{DF18FF3A-7249-4CA7-9983-7B73358D27E0}.Debug|Any CPU.ActiveCfg = Debug|Any CPU
		{DF18FF3A-7249-4CA7-9983-7B73358D27E0}.Debug|Any CPU.Build.0 = Debug|Any CPU
		{DF18FF3A-7249-4CA7-9983-7B73358D27E0}.Release|Any CPU.ActiveCfg = Release|Any CPU
		{DF18FF3A-7249-4CA7-9983-7B73358D27E0}.Release|Any CPU.Build.0 = Release|Any CPU
		{E8CE77B3-E68C-4CEC-9AB1-B6ABCAF30115}.Debug|Any CPU.ActiveCfg = Debug|Any CPU
		{E8CE77B3-E68C-4CEC-9AB1-B6ABCAF30115}.Debug|Any CPU.Build.0 = Debug|Any CPU
		{E8CE77B3-E68C-4CEC-9AB1-B6ABCAF30115}.Release|Any CPU.ActiveCfg = Release|Any CPU
		{E8CE77B3-E68C-4CEC-9AB1-B6ABCAF30115}.Release|Any CPU.Build.0 = Release|Any CPU
		{2C23E75C-3E49-4596-A9A2-54ECF0C5CD27}.Debug|Any CPU.ActiveCfg = Debug|Any CPU
		{2C23E75C-3E49-4596-A9A2-54ECF0C5CD27}.Debug|Any CPU.Build.0 = Debug|Any CPU
		{2C23E75C-3E49-4596-A9A2-54ECF0C5CD27}.Release|Any CPU.ActiveCfg = Release|Any CPU
		{2C23E75C-3E49-4596-A9A2-54ECF0C5CD27}.Release|Any CPU.Build.0 = Release|Any CPU
		{B3A4A60D-AB0B-44D5-96B4-24E68F0A75B4}.Debug|Any CPU.ActiveCfg = Debug|Any CPU
		{B3A4A60D-AB0B-44D5-96B4-24E68F0A75B4}.Debug|Any CPU.Build.0 = Debug|Any CPU
		{B3A4A60D-AB0B-44D5-96B4-24E68F0A75B4}.Release|Any CPU.ActiveCfg = Release|Any CPU
		{B3A4A60D-AB0B-44D5-96B4-24E68F0A75B4}.Release|Any CPU.Build.0 = Release|Any CPU
		{8B21B9D7-F828-436A-82B8-7A1F1C7C6F40}.Debug|Any CPU.ActiveCfg = Debug|Any CPU
		{8B21B9D7-F828-436A-82B8-7A1F1C7C6F40}.Debug|Any CPU.Build.0 = Debug|Any CPU
		{8B21B9D7-F828-436A-82B8-7A1F1C7C6F40}.Release|Any CPU.ActiveCfg = Release|Any CPU
		{8B21B9D7-F828-436A-82B8-7A1F1C7C6F40}.Release|Any CPU.Build.0 = Release|Any CPU
		{8811A659-8E9B-417F-97F0-616D15251049}.Debug|Any CPU.ActiveCfg = Debug|Any CPU
		{8811A659-8E9B-417F-97F0-616D15251049}.Debug|Any CPU.Build.0 = Debug|Any CPU
		{8811A659-8E9B-417F-97F0-616D15251049}.Release|Any CPU.ActiveCfg = Release|Any CPU
		{8811A659-8E9B-417F-97F0-616D15251049}.Release|Any CPU.Build.0 = Release|Any CPU
		{6AE4219D-26C5-4FF0-A310-7D742063679B}.Debug|Any CPU.ActiveCfg = Debug|Any CPU
		{6AE4219D-26C5-4FF0-A310-7D742063679B}.Debug|Any CPU.Build.0 = Debug|Any CPU
		{6AE4219D-26C5-4FF0-A310-7D742063679B}.Release|Any CPU.ActiveCfg = Release|Any CPU
		{6AE4219D-26C5-4FF0-A310-7D742063679B}.Release|Any CPU.Build.0 = Release|Any CPU
		{DD4E73D5-87AF-4090-9A89-46B8E6B1B961}.Debug|Any CPU.ActiveCfg = Debug|Any CPU
		{DD4E73D5-87AF-4090-9A89-46B8E6B1B961}.Debug|Any CPU.Build.0 = Debug|Any CPU
		{DD4E73D5-87AF-4090-9A89-46B8E6B1B961}.Release|Any CPU.ActiveCfg = Release|Any CPU
		{DD4E73D5-87AF-4090-9A89-46B8E6B1B961}.Release|Any CPU.Build.0 = Release|Any CPU
		{4FB056B0-0C80-4DDD-A49E-E15145F6976A}.Debug|Any CPU.ActiveCfg = Debug|Any CPU
		{4FB056B0-0C80-4DDD-A49E-E15145F6976A}.Debug|Any CPU.Build.0 = Debug|Any CPU
		{4FB056B0-0C80-4DDD-A49E-E15145F6976A}.Release|Any CPU.ActiveCfg = Release|Any CPU
		{4FB056B0-0C80-4DDD-A49E-E15145F6976A}.Release|Any CPU.Build.0 = Release|Any CPU
		{4DB7591B-8058-425A-8666-63C3128B586B}.Debug|Any CPU.ActiveCfg = Debug|Any CPU
		{4DB7591B-8058-425A-8666-63C3128B586B}.Debug|Any CPU.Build.0 = Debug|Any CPU
		{4DB7591B-8058-425A-8666-63C3128B586B}.Release|Any CPU.ActiveCfg = Release|Any CPU
		{4DB7591B-8058-425A-8666-63C3128B586B}.Release|Any CPU.Build.0 = Release|Any CPU
		{3BF8C84A-EB0A-43C8-8ECF-78F6345D0AED}.Debug|Any CPU.ActiveCfg = Debug|Any CPU
		{3BF8C84A-EB0A-43C8-8ECF-78F6345D0AED}.Debug|Any CPU.Build.0 = Debug|Any CPU
		{3BF8C84A-EB0A-43C8-8ECF-78F6345D0AED}.Release|Any CPU.ActiveCfg = Release|Any CPU
		{3BF8C84A-EB0A-43C8-8ECF-78F6345D0AED}.Release|Any CPU.Build.0 = Release|Any CPU
		{F7A20C6D-20D2-4934-8896-3EC21FB65FFB}.Debug|Any CPU.ActiveCfg = Debug|Any CPU
		{F7A20C6D-20D2-4934-8896-3EC21FB65FFB}.Debug|Any CPU.Build.0 = Debug|Any CPU
		{F7A20C6D-20D2-4934-8896-3EC21FB65FFB}.Release|Any CPU.ActiveCfg = Release|Any CPU
		{F7A20C6D-20D2-4934-8896-3EC21FB65FFB}.Release|Any CPU.Build.0 = Release|Any CPU
		{D232BEAA-E23C-4195-9D84-BD92B7A4C36D}.Debug|Any CPU.ActiveCfg = Debug|Any CPU
		{D232BEAA-E23C-4195-9D84-BD92B7A4C36D}.Debug|Any CPU.Build.0 = Debug|Any CPU
		{D232BEAA-E23C-4195-9D84-BD92B7A4C36D}.Release|Any CPU.ActiveCfg = Release|Any CPU
		{D232BEAA-E23C-4195-9D84-BD92B7A4C36D}.Release|Any CPU.Build.0 = Release|Any CPU
		{0FE6FB11-7E79-4EA0-AABC-7DD90DCBEAA2}.Debug|Any CPU.ActiveCfg = Debug|Any CPU
		{0FE6FB11-7E79-4EA0-AABC-7DD90DCBEAA2}.Debug|Any CPU.Build.0 = Debug|Any CPU
		{0FE6FB11-7E79-4EA0-AABC-7DD90DCBEAA2}.Release|Any CPU.ActiveCfg = Release|Any CPU
		{0FE6FB11-7E79-4EA0-AABC-7DD90DCBEAA2}.Release|Any CPU.Build.0 = Release|Any CPU
		{C3398532-3E04-43C9-A6ED-CD84C4920E9C}.Debug|Any CPU.ActiveCfg = Debug|Any CPU
		{C3398532-3E04-43C9-A6ED-CD84C4920E9C}.Debug|Any CPU.Build.0 = Debug|Any CPU
		{C3398532-3E04-43C9-A6ED-CD84C4920E9C}.Release|Any CPU.ActiveCfg = Release|Any CPU
		{C3398532-3E04-43C9-A6ED-CD84C4920E9C}.Release|Any CPU.Build.0 = Release|Any CPU
		{8E6C5895-6D9E-4854-8623-082EF3948780}.Debug|Any CPU.ActiveCfg = Debug|Any CPU
		{8E6C5895-6D9E-4854-8623-082EF3948780}.Debug|Any CPU.Build.0 = Debug|Any CPU
		{8E6C5895-6D9E-4854-8623-082EF3948780}.Release|Any CPU.ActiveCfg = Release|Any CPU
		{8E6C5895-6D9E-4854-8623-082EF3948780}.Release|Any CPU.Build.0 = Release|Any CPU
		{C60B5947-0F25-4A91-84AA-5AB149FAC913}.Debug|Any CPU.ActiveCfg = Debug|Any CPU
		{C60B5947-0F25-4A91-84AA-5AB149FAC913}.Debug|Any CPU.Build.0 = Debug|Any CPU
		{C60B5947-0F25-4A91-84AA-5AB149FAC913}.Release|Any CPU.ActiveCfg = Release|Any CPU
		{C60B5947-0F25-4A91-84AA-5AB149FAC913}.Release|Any CPU.Build.0 = Release|Any CPU
		{36282D21-75F5-44F3-82EA-555C61B9019C}.Debug|Any CPU.ActiveCfg = Debug|Any CPU
		{36282D21-75F5-44F3-82EA-555C61B9019C}.Debug|Any CPU.Build.0 = Debug|Any CPU
		{36282D21-75F5-44F3-82EA-555C61B9019C}.Release|Any CPU.ActiveCfg = Release|Any CPU
		{36282D21-75F5-44F3-82EA-555C61B9019C}.Release|Any CPU.Build.0 = Release|Any CPU
		{B61B90F7-3960-4B06-91DB-44B75F7F0A18}.Debug|Any CPU.ActiveCfg = Debug|Any CPU
		{B61B90F7-3960-4B06-91DB-44B75F7F0A18}.Debug|Any CPU.Build.0 = Debug|Any CPU
		{B61B90F7-3960-4B06-91DB-44B75F7F0A18}.Release|Any CPU.ActiveCfg = Release|Any CPU
		{B61B90F7-3960-4B06-91DB-44B75F7F0A18}.Release|Any CPU.Build.0 = Release|Any CPU
		{6E44BF50-BA16-4296-8294-C2C69DBF2618}.Debug|Any CPU.ActiveCfg = Debug|Any CPU
		{6E44BF50-BA16-4296-8294-C2C69DBF2618}.Debug|Any CPU.Build.0 = Debug|Any CPU
		{6E44BF50-BA16-4296-8294-C2C69DBF2618}.Release|Any CPU.ActiveCfg = Release|Any CPU
		{6E44BF50-BA16-4296-8294-C2C69DBF2618}.Release|Any CPU.Build.0 = Release|Any CPU
		{1B89E3B3-4EF9-456A-8578-8211BD3D7E1F}.Debug|Any CPU.ActiveCfg = Debug|Any CPU
		{1B89E3B3-4EF9-456A-8578-8211BD3D7E1F}.Debug|Any CPU.Build.0 = Debug|Any CPU
		{1B89E3B3-4EF9-456A-8578-8211BD3D7E1F}.Release|Any CPU.ActiveCfg = Release|Any CPU
		{1B89E3B3-4EF9-456A-8578-8211BD3D7E1F}.Release|Any CPU.Build.0 = Release|Any CPU
		{3783AE5E-6751-4E15-A1F0-C235E91D4041}.Debug|Any CPU.ActiveCfg = Debug|Any CPU
		{3783AE5E-6751-4E15-A1F0-C235E91D4041}.Debug|Any CPU.Build.0 = Debug|Any CPU
		{3783AE5E-6751-4E15-A1F0-C235E91D4041}.Release|Any CPU.ActiveCfg = Release|Any CPU
		{3783AE5E-6751-4E15-A1F0-C235E91D4041}.Release|Any CPU.Build.0 = Release|Any CPU
		{48625B9A-6A18-47E3-A700-4661EA7A46A5}.Debug|Any CPU.ActiveCfg = Debug|Any CPU
		{48625B9A-6A18-47E3-A700-4661EA7A46A5}.Debug|Any CPU.Build.0 = Debug|Any CPU
		{48625B9A-6A18-47E3-A700-4661EA7A46A5}.Release|Any CPU.ActiveCfg = Release|Any CPU
		{48625B9A-6A18-47E3-A700-4661EA7A46A5}.Release|Any CPU.Build.0 = Release|Any CPU
		{7761D0FA-69F0-46D0-B10C-9346D8040926}.Debug|Any CPU.ActiveCfg = Debug|Any CPU
		{7761D0FA-69F0-46D0-B10C-9346D8040926}.Debug|Any CPU.Build.0 = Debug|Any CPU
		{7761D0FA-69F0-46D0-B10C-9346D8040926}.Release|Any CPU.ActiveCfg = Release|Any CPU
		{7761D0FA-69F0-46D0-B10C-9346D8040926}.Release|Any CPU.Build.0 = Release|Any CPU
	EndGlobalSection
	GlobalSection(SolutionProperties) = preSolution
		HideSolutionNode = FALSE
	EndGlobalSection
	GlobalSection(NestedProjects) = preSolution
		{CB8F45C3-4316-4465-A123-F5C2FA1D612B} = {760C65C2-E3A0-4E84-AEC2-FA5BBF017953}
		{DF18FF3A-7249-4CA7-9983-7B73358D27E0} = {CB8F45C3-4316-4465-A123-F5C2FA1D612B}
		{E8CE77B3-E68C-4CEC-9AB1-B6ABCAF30115} = {CB8F45C3-4316-4465-A123-F5C2FA1D612B}
		{2C23E75C-3E49-4596-A9A2-54ECF0C5CD27} = {CB8F45C3-4316-4465-A123-F5C2FA1D612B}
		{B3A4A60D-AB0B-44D5-96B4-24E68F0A75B4} = {CB8F45C3-4316-4465-A123-F5C2FA1D612B}
		{8B21B9D7-F828-436A-82B8-7A1F1C7C6F40} = {5A91CA99-4A76-437A-8805-A18CE3C6CBCE}
		{8811A659-8E9B-417F-97F0-616D15251049} = {5A91CA99-4A76-437A-8805-A18CE3C6CBCE}
		{61727912-65FD-4FB7-8ABB-401F9E511C2C} = {760C65C2-E3A0-4E84-AEC2-FA5BBF017953}
		{6AE4219D-26C5-4FF0-A310-7D742063679B} = {61727912-65FD-4FB7-8ABB-401F9E511C2C}
		{DD4E73D5-87AF-4090-9A89-46B8E6B1B961} = {61727912-65FD-4FB7-8ABB-401F9E511C2C}
		{4FB056B0-0C80-4DDD-A49E-E15145F6976A} = {61727912-65FD-4FB7-8ABB-401F9E511C2C}
		{4DB7591B-8058-425A-8666-63C3128B586B} = {61727912-65FD-4FB7-8ABB-401F9E511C2C}
		{3BF8C84A-EB0A-43C8-8ECF-78F6345D0AED} = {61727912-65FD-4FB7-8ABB-401F9E511C2C}
		{2ED9CBB7-4CAD-4459-99CA-3D20B27A4768} = {760C65C2-E3A0-4E84-AEC2-FA5BBF017953}
		{F7A20C6D-20D2-4934-8896-3EC21FB65FFB} = {2ED9CBB7-4CAD-4459-99CA-3D20B27A4768}
		{D232BEAA-E23C-4195-9D84-BD92B7A4C36D} = {2ED9CBB7-4CAD-4459-99CA-3D20B27A4768}
		{0FE6FB11-7E79-4EA0-AABC-7DD90DCBEAA2} = {2ED9CBB7-4CAD-4459-99CA-3D20B27A4768}
		{C3398532-3E04-43C9-A6ED-CD84C4920E9C} = {2ED9CBB7-4CAD-4459-99CA-3D20B27A4768}
		{8E6C5895-6D9E-4854-8623-082EF3948780} = {2ED9CBB7-4CAD-4459-99CA-3D20B27A4768}
		{C60B5947-0F25-4A91-84AA-5AB149FAC913} = {CB8F45C3-4316-4465-A123-F5C2FA1D612B}
		{9B74B965-97F6-4EBB-B935-684BA36130CD} = {24B330B8-A714-40EC-8F99-09AAB6506A43}
		{36282D21-75F5-44F3-82EA-555C61B9019C} = {9B74B965-97F6-4EBB-B935-684BA36130CD}
		{B61B90F7-3960-4B06-91DB-44B75F7F0A18} = {2ED9CBB7-4CAD-4459-99CA-3D20B27A4768}
		{6E44BF50-BA16-4296-8294-C2C69DBF2618} = {CB8F45C3-4316-4465-A123-F5C2FA1D612B}
		{1B89E3B3-4EF9-456A-8578-8211BD3D7E1F} = {24B330B8-A714-40EC-8F99-09AAB6506A43}
		{3783AE5E-6751-4E15-A1F0-C235E91D4041} = {1439C738-705D-4C4E-95F2-0C9634792946}
		{48625B9A-6A18-47E3-A700-4661EA7A46A5} = {1439C738-705D-4C4E-95F2-0C9634792946}
		{7761D0FA-69F0-46D0-B10C-9346D8040926} = {1439C738-705D-4C4E-95F2-0C9634792946}
	EndGlobalSection
	GlobalSection(ExtensibilityGlobals) = postSolution
		SolutionGuid = {3C5F96D6-E01A-4D15-A36A-5FAFF1D0939C}
	EndGlobalSection
EndGlobal
